
Microsoft Visual Studio Solution File, Format Version 12.00
# Visual Studio 15
VisualStudioVersion = 15.0.28307.779
MinimumVisualStudioVersion = 10.0.40219.1
Project("{FAE04EC0-301F-11D3-BF4B-00C04F79EFBC}") = "projetoTesteGit", "projetoTesteGit\projetoTesteGit.csproj", "{0500C784-C6C9-43AC-B8AB-24E0A6CA7E47}"
EndProject
Global
	GlobalSection(SolutionConfigurationPlatforms) = preSolution
		Debug|Any CPU = Debug|Any CPU
		Release|Any CPU = Release|Any CPU
	EndGlobalSection
	GlobalSection(ProjectConfigurationPlatforms) = postSolution
		{0500C784-C6C9-43AC-B8AB-24E0A6CA7E47}.Debug|Any CPU.ActiveCfg = Debug|Any CPU
		{0500C784-C6C9-43AC-B8AB-24E0A6CA7E47}.Debug|Any CPU.Build.0 = Debug|Any CPU
		{0500C784-C6C9-43AC-B8AB-24E0A6CA7E47}.Release|Any CPU.ActiveCfg = Release|Any CPU
		{0500C784-C6C9-43AC-B8AB-24E0A6CA7E47}.Release|Any CPU.Build.0 = Release|Any CPU
	EndGlobalSection
	GlobalSection(SolutionProperties) = preSolution
		HideSolutionNode = FALSE
	EndGlobalSection
	GlobalSection(ExtensibilityGlobals) = postSolution
		SolutionGuid = {CD5DD97B-5BC1-4884-AEBB-B9B4D9060DA5}
	EndGlobalSection
EndGlobal
